
Microsoft Visual Studio Solution File, Format Version 12.00
# Visual Studio Version 16
VisualStudioVersion = 25.0.1706.1
MinimumVisualStudioVersion = 10.0.40219.1
Project("{2150E333-8FDC-42A3-9474-1A3956D46DE8}") = "src", "src", "{5F277166-8CE7-4E01-B098-3AC631FDAD76}"
EndProject
Project("{2150E333-8FDC-42A3-9474-1A3956D46DE8}") = "test", "test", "{4EFED700-E768-4C6C-9AEA-6934ADBBE0E3}"
EndProject
Project("{FAE04EC0-301F-11D3-BF4B-00C04F79EFBC}") = "Planets.Domain", "src\Planets.Domain\Planets.Domain.csproj", "{8DF09F25-96E8-4EE7-B39D-353DB5A51D0D}"
EndProject
Project("{FAE04EC0-301F-11D3-BF4B-00C04F79EFBC}") = "Planets.DataAccessLayer", "src\Planets.DataAccessLayer\Planets.DataAccessLayer.csproj", "{E3595DFB-E9F0-4960-A9EB-8831D7BC97E5}"
EndProject
Project("{2150E333-8FDC-42A3-9474-1A3956D46DE8}") = "infra", "infra", "{20B0531A-0AAE-41F8-8A0B-EF7DCD30D3F0}"
EndProject
Project("{FAE04EC0-301F-11D3-BF4B-00C04F79EFBC}") = "Infra", "infra\src\Infra\Infra.csproj", "{14F175C3-2F74-4F7D-B6AD-BFFDEA6AFE56}"
EndProject
Project("{FAE04EC0-301F-11D3-BF4B-00C04F79EFBC}") = "Planets.Api", "src\Planets.Api\Planets.Api.csproj", "{69773CC3-33AC-4932-80B5-66C9941D6166}"
EndProject
Project("{FAE04EC0-301F-11D3-BF4B-00C04F79EFBC}") = "Planets.DataAccessLayer.IntegrationTests", "test\Planets.DataAccessLayer.Tests\Planets.DataAccessLayer.IntegrationTests.csproj", "{04251136-7FEE-4823-A9C6-E1B1E8BFA838}"
EndProject
Project("{FAE04EC0-301F-11D3-BF4B-00C04F79EFBC}") = "Planets.Domain.UnitTests", "test\Planets.Domain.Tests\Planets.Domain.UnitTests.csproj", "{4B4ADCCF-1A9F-4457-A13F-314FDD838FDE}"
EndProject
Project("{FAE04EC0-301F-11D3-BF4B-00C04F79EFBC}") = "Planets.Api.UnitTests", "test\Planets.Api.UnitTests\Planets.Api.UnitTests.csproj", "{D656E9EC-C565-4B10-A3BC-BE0F0287CD6D}"
EndProject
Global
	GlobalSection(SolutionConfigurationPlatforms) = preSolution
		Debug|Any CPU = Debug|Any CPU
		Release|Any CPU = Release|Any CPU
	EndGlobalSection
	GlobalSection(ProjectConfigurationPlatforms) = postSolution
		{8DF09F25-96E8-4EE7-B39D-353DB5A51D0D}.Debug|Any CPU.ActiveCfg = Debug|Any CPU
		{8DF09F25-96E8-4EE7-B39D-353DB5A51D0D}.Debug|Any CPU.Build.0 = Debug|Any CPU
		{8DF09F25-96E8-4EE7-B39D-353DB5A51D0D}.Release|Any CPU.ActiveCfg = Release|Any CPU
		{8DF09F25-96E8-4EE7-B39D-353DB5A51D0D}.Release|Any CPU.Build.0 = Release|Any CPU
		{E3595DFB-E9F0-4960-A9EB-8831D7BC97E5}.Debug|Any CPU.ActiveCfg = Debug|Any CPU
		{E3595DFB-E9F0-4960-A9EB-8831D7BC97E5}.Debug|Any CPU.Build.0 = Debug|Any CPU
		{E3595DFB-E9F0-4960-A9EB-8831D7BC97E5}.Release|Any CPU.ActiveCfg = Release|Any CPU
		{E3595DFB-E9F0-4960-A9EB-8831D7BC97E5}.Release|Any CPU.Build.0 = Release|Any CPU
		{14F175C3-2F74-4F7D-B6AD-BFFDEA6AFE56}.Debug|Any CPU.ActiveCfg = Debug|Any CPU
		{14F175C3-2F74-4F7D-B6AD-BFFDEA6AFE56}.Debug|Any CPU.Build.0 = Debug|Any CPU
		{14F175C3-2F74-4F7D-B6AD-BFFDEA6AFE56}.Release|Any CPU.ActiveCfg = Release|Any CPU
		{14F175C3-2F74-4F7D-B6AD-BFFDEA6AFE56}.Release|Any CPU.Build.0 = Release|Any CPU
		{69773CC3-33AC-4932-80B5-66C9941D6166}.Debug|Any CPU.ActiveCfg = Debug|Any CPU
		{69773CC3-33AC-4932-80B5-66C9941D6166}.Debug|Any CPU.Build.0 = Debug|Any CPU
		{69773CC3-33AC-4932-80B5-66C9941D6166}.Release|Any CPU.ActiveCfg = Release|Any CPU
		{69773CC3-33AC-4932-80B5-66C9941D6166}.Release|Any CPU.Build.0 = Release|Any CPU
		{04251136-7FEE-4823-A9C6-E1B1E8BFA838}.Debug|Any CPU.ActiveCfg = Debug|Any CPU
		{04251136-7FEE-4823-A9C6-E1B1E8BFA838}.Debug|Any CPU.Build.0 = Debug|Any CPU
		{04251136-7FEE-4823-A9C6-E1B1E8BFA838}.Release|Any CPU.ActiveCfg = Release|Any CPU
		{04251136-7FEE-4823-A9C6-E1B1E8BFA838}.Release|Any CPU.Build.0 = Release|Any CPU
		{4B4ADCCF-1A9F-4457-A13F-314FDD838FDE}.Debug|Any CPU.ActiveCfg = Debug|Any CPU
		{4B4ADCCF-1A9F-4457-A13F-314FDD838FDE}.Debug|Any CPU.Build.0 = Debug|Any CPU
		{4B4ADCCF-1A9F-4457-A13F-314FDD838FDE}.Release|Any CPU.ActiveCfg = Release|Any CPU
		{4B4ADCCF-1A9F-4457-A13F-314FDD838FDE}.Release|Any CPU.Build.0 = Release|Any CPU
		{D656E9EC-C565-4B10-A3BC-BE0F0287CD6D}.Debug|Any CPU.ActiveCfg = Debug|Any CPU
		{D656E9EC-C565-4B10-A3BC-BE0F0287CD6D}.Debug|Any CPU.Build.0 = Debug|Any CPU
		{D656E9EC-C565-4B10-A3BC-BE0F0287CD6D}.Release|Any CPU.ActiveCfg = Release|Any CPU
		{D656E9EC-C565-4B10-A3BC-BE0F0287CD6D}.Release|Any CPU.Build.0 = Release|Any CPU
	EndGlobalSection
	GlobalSection(SolutionProperties) = preSolution
		HideSolutionNode = FALSE
	EndGlobalSection
	GlobalSection(ExtensibilityGlobals) = postSolution
		SolutionGuid = {389E33DB-6AF7-4847-8E9A-A317060DFF71}
	EndGlobalSection
	GlobalSection(NestedProjects) = preSolution
		{8DF09F25-96E8-4EE7-B39D-353DB5A51D0D} = {5F277166-8CE7-4E01-B098-3AC631FDAD76}
		{E3595DFB-E9F0-4960-A9EB-8831D7BC97E5} = {5F277166-8CE7-4E01-B098-3AC631FDAD76}
		{14F175C3-2F74-4F7D-B6AD-BFFDEA6AFE56} = {20B0531A-0AAE-41F8-8A0B-EF7DCD30D3F0}
		{69773CC3-33AC-4932-80B5-66C9941D6166} = {5F277166-8CE7-4E01-B098-3AC631FDAD76}
		{04251136-7FEE-4823-A9C6-E1B1E8BFA838} = {4EFED700-E768-4C6C-9AEA-6934ADBBE0E3}
		{4B4ADCCF-1A9F-4457-A13F-314FDD838FDE} = {4EFED700-E768-4C6C-9AEA-6934ADBBE0E3}
		{D656E9EC-C565-4B10-A3BC-BE0F0287CD6D} = {4EFED700-E768-4C6C-9AEA-6934ADBBE0E3}
	EndGlobalSection
EndGlobal
